
Microsoft Visual Studio Solution File, Format Version 12.00
# Visual Studio Version 16
VisualStudioVersion = 16.0.31702.278
MinimumVisualStudioVersion = 10.0.40219.1
Project("{FAE04EC0-301F-11D3-BF4B-00C04F79EFBC}") = "ConsoleApp1", "ConsoleApp1.csproj", "{9BA7E1D3-E214-4D6E-9CF4-227F9860DE77}"
EndProject
Global
	GlobalSection(SolutionConfigurationPlatforms) = preSolution
		Debug|Any CPU = Debug|Any CPU
		Release|Any CPU = Release|Any CPU
	EndGlobalSection
	GlobalSection(ProjectConfigurationPlatforms) = postSolution
		{9BA7E1D3-E214-4D6E-9CF4-227F9860DE77}.Debug|Any CPU.ActiveCfg = Debug|Any CPU
		{9BA7E1D3-E214-4D6E-9CF4-227F9860DE77}.Debug|Any CPU.Build.0 = Debug|Any CPU
		{9BA7E1D3-E214-4D6E-9CF4-227F9860DE77}.Release|Any CPU.ActiveCfg = Release|Any CPU
		{9BA7E1D3-E214-4D6E-9CF4-227F9860DE77}.Release|Any CPU.Build.0 = Release|Any CPU
	EndGlobalSection
	GlobalSection(SolutionProperties) = preSolution
		HideSolutionNode = FALSE
	EndGlobalSection
	GlobalSection(ExtensibilityGlobals) = postSolution
		SolutionGuid = {730DC788-65E7-4497-AF5E-D57D2C2F8B51}
	EndGlobalSection
EndGlobal
