
Microsoft Visual Studio Solution File, Format Version 12.00
# Visual Studio Version 16
VisualStudioVersion = 16.0.31702.278
MinimumVisualStudioVersion = 10.0.40219.1
Project("{FAE04EC0-301F-11D3-BF4B-00C04F79EFBC}") = "ConsoleApp1", "ConsoleApp1.csproj", "{607FFBB8-20E7-4C4E-9C7A-7D94DE8FEFAA}"
EndProject
Global
	GlobalSection(SolutionConfigurationPlatforms) = preSolution
		Debug|Any CPU = Debug|Any CPU
		Release|Any CPU = Release|Any CPU
	EndGlobalSection
	GlobalSection(ProjectConfigurationPlatforms) = postSolution
		{607FFBB8-20E7-4C4E-9C7A-7D94DE8FEFAA}.Debug|Any CPU.ActiveCfg = Debug|Any CPU
		{607FFBB8-20E7-4C4E-9C7A-7D94DE8FEFAA}.Debug|Any CPU.Build.0 = Debug|Any CPU
		{607FFBB8-20E7-4C4E-9C7A-7D94DE8FEFAA}.Release|Any CPU.ActiveCfg = Release|Any CPU
		{607FFBB8-20E7-4C4E-9C7A-7D94DE8FEFAA}.Release|Any CPU.Build.0 = Release|Any CPU
	EndGlobalSection
	GlobalSection(SolutionProperties) = preSolution
		HideSolutionNode = FALSE
	EndGlobalSection
	GlobalSection(ExtensibilityGlobals) = postSolution
		SolutionGuid = {7E28E7E8-0C20-435A-94E3-EC1D70C5AE77}
	EndGlobalSection
EndGlobal
