
Microsoft Visual Studio Solution File, Format Version 12.00
# Visual Studio Version 16
VisualStudioVersion = 16.0.31702.278
MinimumVisualStudioVersion = 10.0.40219.1
Project("{FAE04EC0-301F-11D3-BF4B-00C04F79EFBC}") = "Lect", "Lect.csproj", "{6851279E-6127-4EA8-BF91-310204BEE0F8}"
EndProject
Global
	GlobalSection(SolutionConfigurationPlatforms) = preSolution
		Debug|Any CPU = Debug|Any CPU
		Release|Any CPU = Release|Any CPU
	EndGlobalSection
	GlobalSection(ProjectConfigurationPlatforms) = postSolution
		{6851279E-6127-4EA8-BF91-310204BEE0F8}.Debug|Any CPU.ActiveCfg = Debug|Any CPU
		{6851279E-6127-4EA8-BF91-310204BEE0F8}.Debug|Any CPU.Build.0 = Debug|Any CPU
		{6851279E-6127-4EA8-BF91-310204BEE0F8}.Release|Any CPU.ActiveCfg = Release|Any CPU
		{6851279E-6127-4EA8-BF91-310204BEE0F8}.Release|Any CPU.Build.0 = Release|Any CPU
	EndGlobalSection
	GlobalSection(SolutionProperties) = preSolution
		HideSolutionNode = FALSE
	EndGlobalSection
	GlobalSection(ExtensibilityGlobals) = postSolution
		SolutionGuid = {6CBD001E-C0ED-4DE8-B695-5F6B2303F69B}
	EndGlobalSection
EndGlobal
